
Microsoft Visual Studio Solution File, Format Version 12.00
# Visual Studio Version 16
VisualStudioVersion = 16.0.30804.86
MinimumVisualStudioVersion = 10.0.40219.1
Project("{FAE04EC0-301F-11D3-BF4B-00C04F79EFBC}") = "ACM.BusinessLayer", "src\ACM.BusinessLayer\ACM.BusinessLayer.csproj", "{AB7CB673-AD2D-4F1F-A556-A9D6D5A7CCFE}"
EndProject
Project("{FAE04EC0-301F-11D3-BF4B-00C04F79EFBC}") = "ACM.BusinessLayer.Tests", "tests\ACM.BusinessLayer.Tests\ACM.BusinessLayer.Tests.csproj", "{5E8993E2-540F-4397-BB6A-6D066C1D05A1}"
EndProject
Global
	GlobalSection(SolutionConfigurationPlatforms) = preSolution
		Debug|Any CPU = Debug|Any CPU
		Release|Any CPU = Release|Any CPU
	EndGlobalSection
	GlobalSection(ProjectConfigurationPlatforms) = postSolution
		{AB7CB673-AD2D-4F1F-A556-A9D6D5A7CCFE}.Debug|Any CPU.ActiveCfg = Debug|Any CPU
		{AB7CB673-AD2D-4F1F-A556-A9D6D5A7CCFE}.Debug|Any CPU.Build.0 = Debug|Any CPU
		{AB7CB673-AD2D-4F1F-A556-A9D6D5A7CCFE}.Release|Any CPU.ActiveCfg = Release|Any CPU
		{AB7CB673-AD2D-4F1F-A556-A9D6D5A7CCFE}.Release|Any CPU.Build.0 = Release|Any CPU
		{5E8993E2-540F-4397-BB6A-6D066C1D05A1}.Debug|Any CPU.ActiveCfg = Debug|Any CPU
		{5E8993E2-540F-4397-BB6A-6D066C1D05A1}.Debug|Any CPU.Build.0 = Debug|Any CPU
		{5E8993E2-540F-4397-BB6A-6D066C1D05A1}.Release|Any CPU.ActiveCfg = Release|Any CPU
		{5E8993E2-540F-4397-BB6A-6D066C1D05A1}.Release|Any CPU.Build.0 = Release|Any CPU
	EndGlobalSection
	GlobalSection(SolutionProperties) = preSolution
		HideSolutionNode = FALSE
	EndGlobalSection
	GlobalSection(ExtensibilityGlobals) = postSolution
		SolutionGuid = {0E6F068B-9C8E-45FE-A8F7-7A223AFA66AE}
	EndGlobalSection
EndGlobal
